
Microsoft Visual Studio Solution File, Format Version 12.00
# Visual Studio Version 17
VisualStudioVersion = 17.13.35931.197 d17.13
MinimumVisualStudioVersion = 10.0.40219.1
Project("{FAE04EC0-301F-11D3-BF4B-00C04F79EFBC}") = "PulsarTestTask", "PulsarTestTask\PulsarTestTask.csproj", "{52F4110A-791E-4820-AE90-CEA35902B267}"
EndProject
Global
	GlobalSection(SolutionConfigurationPlatforms) = preSolution
		Debug|Any CPU = Debug|Any CPU
		Release|Any CPU = Release|Any CPU
	EndGlobalSection
	GlobalSection(ProjectConfigurationPlatforms) = postSolution
		{52F4110A-791E-4820-AE90-CEA35902B267}.Debug|Any CPU.ActiveCfg = Debug|Any CPU
		{52F4110A-791E-4820-AE90-CEA35902B267}.Debug|Any CPU.Build.0 = Debug|Any CPU
		{52F4110A-791E-4820-AE90-CEA35902B267}.Release|Any CPU.ActiveCfg = Release|Any CPU
		{52F4110A-791E-4820-AE90-CEA35902B267}.Release|Any CPU.Build.0 = Release|Any CPU
	EndGlobalSection
	GlobalSection(SolutionProperties) = preSolution
		HideSolutionNode = FALSE
	EndGlobalSection
	GlobalSection(ExtensibilityGlobals) = postSolution
		SolutionGuid = {0B78F5D5-26CD-4766-841C-9AC271C4C626}
	EndGlobalSection
EndGlobal
